
Microsoft Visual Studio Solution File, Format Version 12.00
# Visual Studio Version 17
VisualStudioVersion = 17.4.33103.184
MinimumVisualStudioVersion = 10.0.40219.1
Project("{FAE04EC0-301F-11D3-BF4B-00C04F79EFBC}") = "FTPServer", "FTPServer\FTPServer.csproj", "{0F216B12-E32E-4756-9B83-7DC1BFF75622}"
EndProject
Global
	GlobalSection(SolutionConfigurationPlatforms) = preSolution
		Debug|Any CPU = Debug|Any CPU
		Release|Any CPU = Release|Any CPU
	EndGlobalSection
	GlobalSection(ProjectConfigurationPlatforms) = postSolution
		{0F216B12-E32E-4756-9B83-7DC1BFF75622}.Debug|Any CPU.ActiveCfg = Debug|Any CPU
		{0F216B12-E32E-4756-9B83-7DC1BFF75622}.Debug|Any CPU.Build.0 = Debug|Any CPU
		{0F216B12-E32E-4756-9B83-7DC1BFF75622}.Release|Any CPU.ActiveCfg = Release|Any CPU
		{0F216B12-E32E-4756-9B83-7DC1BFF75622}.Release|Any CPU.Build.0 = Release|Any CPU
	EndGlobalSection
	GlobalSection(SolutionProperties) = preSolution
		HideSolutionNode = FALSE
	EndGlobalSection
	GlobalSection(ExtensibilityGlobals) = postSolution
		SolutionGuid = {A852779F-D342-4E53-812C-416D4CB0F9E2}
	EndGlobalSection
EndGlobal
